
Microsoft Visual Studio Solution File, Format Version 12.00
# Visual Studio Version 17
VisualStudioVersion = 17.4.33213.308
MinimumVisualStudioVersion = 10.0.40219.1
Project("{FAE04EC0-301F-11D3-BF4B-00C04F79EFBC}") = "BonusScoringSystem", "BonusScoringSystem\BonusScoringSystem.csproj", "{8FE58290-FB35-46E5-A9A3-D178B95C4B7C}"
EndProject
Global
	GlobalSection(SolutionConfigurationPlatforms) = preSolution
		Debug|Any CPU = Debug|Any CPU
		Release|Any CPU = Release|Any CPU
	EndGlobalSection
	GlobalSection(ProjectConfigurationPlatforms) = postSolution
		{8FE58290-FB35-46E5-A9A3-D178B95C4B7C}.Debug|Any CPU.ActiveCfg = Debug|Any CPU
		{8FE58290-FB35-46E5-A9A3-D178B95C4B7C}.Debug|Any CPU.Build.0 = Debug|Any CPU
		{8FE58290-FB35-46E5-A9A3-D178B95C4B7C}.Release|Any CPU.ActiveCfg = Release|Any CPU
		{8FE58290-FB35-46E5-A9A3-D178B95C4B7C}.Release|Any CPU.Build.0 = Release|Any CPU
	EndGlobalSection
	GlobalSection(SolutionProperties) = preSolution
		HideSolutionNode = FALSE
	EndGlobalSection
	GlobalSection(ExtensibilityGlobals) = postSolution
		SolutionGuid = {47283C9F-145E-435D-A357-9AE6A905D426}
	EndGlobalSection
EndGlobal
